
Microsoft Visual Studio Solution File, Format Version 12.00
# Visual Studio Version 17
VisualStudioVersion = 17.0.31912.275
MinimumVisualStudioVersion = 10.0.40219.1
Project("{FAE04EC0-301F-11D3-BF4B-00C04F79EFBC}") = "Hospital Management System", "Hospital Management System\Hospital Management System.csproj", "{0DDA400B-AD88-402D-BFE0-D892DC17FD3A}"
EndProject
Global
	GlobalSection(SolutionConfigurationPlatforms) = preSolution
		Debug|Any CPU = Debug|Any CPU
		Release|Any CPU = Release|Any CPU
	EndGlobalSection
	GlobalSection(ProjectConfigurationPlatforms) = postSolution
		{0DDA400B-AD88-402D-BFE0-D892DC17FD3A}.Debug|Any CPU.ActiveCfg = Debug|Any CPU
		{0DDA400B-AD88-402D-BFE0-D892DC17FD3A}.Debug|Any CPU.Build.0 = Debug|Any CPU
		{0DDA400B-AD88-402D-BFE0-D892DC17FD3A}.Release|Any CPU.ActiveCfg = Release|Any CPU
		{0DDA400B-AD88-402D-BFE0-D892DC17FD3A}.Release|Any CPU.Build.0 = Release|Any CPU
	EndGlobalSection
	GlobalSection(SolutionProperties) = preSolution
		HideSolutionNode = FALSE
	EndGlobalSection
	GlobalSection(ExtensibilityGlobals) = postSolution
		SolutionGuid = {9332F3E9-0DD4-4655-87B6-CA1EDEA748C3}
	EndGlobalSection
EndGlobal
