
Microsoft Visual Studio Solution File, Format Version 12.00
# Visual Studio Version 17
VisualStudioVersion = 17.0.31912.275
MinimumVisualStudioVersion = 10.0.40219.1
Project("{FAE04EC0-301F-11D3-BF4B-00C04F79EFBC}") = "Employees", "Employees\Employees.csproj", "{AF4097F7-DD7D-4501-BAD1-9D13D89EE9FA}"
EndProject
Global
	GlobalSection(SolutionConfigurationPlatforms) = preSolution
		Debug|Any CPU = Debug|Any CPU
		Release|Any CPU = Release|Any CPU
	EndGlobalSection
	GlobalSection(ProjectConfigurationPlatforms) = postSolution
		{AF4097F7-DD7D-4501-BAD1-9D13D89EE9FA}.Debug|Any CPU.ActiveCfg = Debug|Any CPU
		{AF4097F7-DD7D-4501-BAD1-9D13D89EE9FA}.Debug|Any CPU.Build.0 = Debug|Any CPU
		{AF4097F7-DD7D-4501-BAD1-9D13D89EE9FA}.Release|Any CPU.ActiveCfg = Release|Any CPU
		{AF4097F7-DD7D-4501-BAD1-9D13D89EE9FA}.Release|Any CPU.Build.0 = Release|Any CPU
	EndGlobalSection
	GlobalSection(SolutionProperties) = preSolution
		HideSolutionNode = FALSE
	EndGlobalSection
	GlobalSection(ExtensibilityGlobals) = postSolution
		SolutionGuid = {767AC600-C270-4A01-98D5-25837E3F9A3C}
	EndGlobalSection
EndGlobal
